// !$*UTF8*$!
{
	archiveVersion = 1;
	classes = {
	};
	objectVersion = 56;
	objects = {

/* Begin PBXBuildFile section */
		C01B110F2D94212C0037715E /* ReqResAPIs.plist in Resources */ = {isa = PBXBuildFile; fileRef = C01B110E2D94212C0037715E /* ReqResAPIs.plist */; };
		C01B11112D9436490037715E /* NetworkManagerProtocols.swift in Sources */ = {isa = PBXBuildFile; fileRef = C01B11102D9436480037715E /* NetworkManagerProtocols.swift */; };
		C01B11132D9437650037715E /* NetworkManager.swift in Sources */ = {isa = PBXBuildFile; fileRef = C01B11122D9437650037715E /* NetworkManager.swift */; };
		C01B11152D94432C0037715E /* LoginTokenModel.swift in Sources */ = {isa = PBXBuildFile; fileRef = C01B11142D94432C0037715E /* LoginTokenModel.swift */; };
		C01B11172D9443C90037715E /* LoginServiceCall.swift in Sources */ = {isa = PBXBuildFile; fileRef = C01B11162D9443C90037715E /* LoginServiceCall.swift */; };
		C01B111A2D9447F80037715E /* SecurePlistReader.swift in Sources */ = {isa = PBXBuildFile; fileRef = C01B11192D9447F80037715E /* SecurePlistReader.swift */; };
		C01B111C2D944EB30037715E /* LoginViewModel.swift in Sources */ = {isa = PBXBuildFile; fileRef = C01B111B2D944EB30037715E /* LoginViewModel.swift */; };
		C01B111E2D9458DB0037715E /* LoginView.swift in Sources */ = {isa = PBXBuildFile; fileRef = C01B111D2D9458DB0037715E /* LoginView.swift */; };
		C01B11202D9459AF0037715E /* LoginView.xib in Resources */ = {isa = PBXBuildFile; fileRef = C01B111F2D9459AF0037715E /* LoginView.xib */; };
		C01B11222D945C9B0037715E /* LoginViewController.xib in Resources */ = {isa = PBXBuildFile; fileRef = C01B11212D945C9B0037715E /* LoginViewController.xib */; };
		C01B11252D94684A0037715E /* SecureActivityIndicatorManager.swift in Sources */ = {isa = PBXBuildFile; fileRef = C01B11242D94684A0037715E /* SecureActivityIndicatorManager.swift */; };
		C01B11272D94694F0037715E /* SecureAlertController.swift in Sources */ = {isa = PBXBuildFile; fileRef = C01B11262D94694F0037715E /* SecureAlertController.swift */; };
		C01B11292D946A220037715E /* SecureTextfieldAndButtonManager.swift in Sources */ = {isa = PBXBuildFile; fileRef = C01B11282D946A220037715E /* SecureTextfieldAndButtonManager.swift */; };
		C01B112B2D946C740037715E /* SecureNavigation.swift in Sources */ = {isa = PBXBuildFile; fileRef = C01B112A2D946C740037715E /* SecureNavigation.swift */; };
		C01B112D2D946DA50037715E /* SecureToast.swift in Sources */ = {isa = PBXBuildFile; fileRef = C01B112C2D946DA50037715E /* SecureToast.swift */; };
		C01B53442DBA660B00B5B972 /* SecureImageHelper.swift in Sources */ = {isa = PBXBuildFile; fileRef = C01B53432DBA660B00B5B972 /* SecureImageHelper.swift */; };
		C0355D962DA6B6200011E014 /* SecureModalPresenter.swift in Sources */ = {isa = PBXBuildFile; fileRef = C0355D952DA6B61F0011E014 /* SecureModalPresenter.swift */; };
		C040DF492DA5C14700A35BA0 /* EmployeeListViewController.swift in Sources */ = {isa = PBXBuildFile; fileRef = C040DF472DA5C14700A35BA0 /* EmployeeListViewController.swift */; };
		C040DF4A2DA5C14800A35BA0 /* EmployeeListViewController.xib in Resources */ = {isa = PBXBuildFile; fileRef = C040DF482DA5C14700A35BA0 /* EmployeeListViewController.xib */; };
		C049993D2DBA0EDE003820F6 /* Kingfisher in Frameworks */ = {isa = PBXBuildFile; productRef = C049993C2DBA0EDE003820F6 /* Kingfisher */; };
		C04DA0372DC1057B0030E68F /* EmployeeHomeViewModel.swift in Sources */ = {isa = PBXBuildFile; fileRef = C04DA0362DC1057B0030E68F /* EmployeeHomeViewModel.swift */; };
		C04E15E02DC65A4F00A551FB /* SecureDatePicker.swift in Sources */ = {isa = PBXBuildFile; fileRef = C04E15DF2DC65A4F00A551FB /* SecureDatePicker.swift */; };
		C05E23BB2D94A21C00C363FD /* EmployeeHomeViewController.swift in Sources */ = {isa = PBXBuildFile; fileRef = C05E23B92D94A21C00C363FD /* EmployeeHomeViewController.swift */; };
		C05E23BC2D94A21C00C363FD /* EmployeeHomeViewController.xib in Resources */ = {isa = PBXBuildFile; fileRef = C05E23BA2D94A21C00C363FD /* EmployeeHomeViewController.xib */; };
		C05E23C02D94AD7D00C363FD /* LoginServiceCallMock.swift in Sources */ = {isa = PBXBuildFile; fileRef = C05E23BF2D94AD7D00C363FD /* LoginServiceCallMock.swift */; };
		C05E23C22D94AE7E00C363FD /* LoginServiceCallTests.swift in Sources */ = {isa = PBXBuildFile; fileRef = C05E23C12D94AE7E00C363FD /* LoginServiceCallTests.swift */; };
		C05E23C42D94B02800C363FD /* NetworkManagerMock.swift in Sources */ = {isa = PBXBuildFile; fileRef = C05E23C32D94B02800C363FD /* NetworkManagerMock.swift */; };
		C07066712DA6DB8D00738C0B /* EmployeeListModel.swift in Sources */ = {isa = PBXBuildFile; fileRef = C07066702DA6DB8D00738C0B /* EmployeeListModel.swift */; };
		C07066732DA6F55600738C0B /* EmployeeListServiceCall.swift in Sources */ = {isa = PBXBuildFile; fileRef = C07066722DA6F55500738C0B /* EmployeeListServiceCall.swift */; };
		C07834AB2D956D50001449F0 /* LoginViewModelDelegateMock.swift in Sources */ = {isa = PBXBuildFile; fileRef = C07834AA2D956D50001449F0 /* LoginViewModelDelegateMock.swift */; };
		C07834AD2D956DFE001449F0 /* LoginViewModelTests.swift in Sources */ = {isa = PBXBuildFile; fileRef = C07834AC2D956DFE001449F0 /* LoginViewModelTests.swift */; };
		C0B830C32D91CC6F00280350 /* AppDelegate.swift in Sources */ = {isa = PBXBuildFile; fileRef = C0B830C22D91CC6F00280350 /* AppDelegate.swift */; };
		C0B830C52D91CC6F00280350 /* SceneDelegate.swift in Sources */ = {isa = PBXBuildFile; fileRef = C0B830C42D91CC6F00280350 /* SceneDelegate.swift */; };
		C0B830C72D91CC6F00280350 /* LoginViewController.swift in Sources */ = {isa = PBXBuildFile; fileRef = C0B830C62D91CC6F00280350 /* LoginViewController.swift */; };
		C0B830CC2D91CC7400280350 /* Assets.xcassets in Resources */ = {isa = PBXBuildFile; fileRef = C0B830CB2D91CC7400280350 /* Assets.xcassets */; };
		C0B830CF2D91CC7400280350 /* LaunchScreen.storyboard in Resources */ = {isa = PBXBuildFile; fileRef = C0B830CD2D91CC7400280350 /* LaunchScreen.storyboard */; };
		C0B830DA2D91CC7400280350 /* SecureUpdatingApp_Tests.swift in Sources */ = {isa = PBXBuildFile; fileRef = C0B830D92D91CC7400280350 /* SecureUpdatingApp_Tests.swift */; };
		C0C3594F2DC7C10400405038 /* AdditionalInfoView.swift in Sources */ = {isa = PBXBuildFile; fileRef = C0C3594E2DC7C10400405038 /* AdditionalInfoView.swift */; };
		C0C359512DC7C24800405038 /* AdditionalInfoView.xib in Resources */ = {isa = PBXBuildFile; fileRef = C0C359502DC7C24800405038 /* AdditionalInfoView.xib */; };
		C0C359542DC7C35000405038 /* AdditionalInfoViewController.swift in Sources */ = {isa = PBXBuildFile; fileRef = C0C359522DC7C35000405038 /* AdditionalInfoViewController.swift */; };
		C0C359552DC7C35000405038 /* AdditionalInfoViewController.xib in Resources */ = {isa = PBXBuildFile; fileRef = C0C359532DC7C35000405038 /* AdditionalInfoViewController.xib */; };
		C0CE34532DA7041D00C689D8 /* EmployeeListViewModel.swift in Sources */ = {isa = PBXBuildFile; fileRef = C0CE34522DA7041D00C689D8 /* EmployeeListViewModel.swift */; };
		C0CE34552DAC49A300C689D8 /* EmployeeListView.swift in Sources */ = {isa = PBXBuildFile; fileRef = C0CE34542DAC49A300C689D8 /* EmployeeListView.swift */; };
		C0CE34572DAC4A3B00C689D8 /* EmployeeListView.xib in Resources */ = {isa = PBXBuildFile; fileRef = C0CE34562DAC4A3B00C689D8 /* EmployeeListView.xib */; };
		C0CE345B2DAC5D2F00C689D8 /* EmployeeListTableViewCell.swift in Sources */ = {isa = PBXBuildFile; fileRef = C0CE34592DAC5D2F00C689D8 /* EmployeeListTableViewCell.swift */; };
		C0CE345C2DAC5D2F00C689D8 /* EmployeeListTableViewCell.xib in Resources */ = {isa = PBXBuildFile; fileRef = C0CE345A2DAC5D2F00C689D8 /* EmployeeListTableViewCell.xib */; };
		C0DC48702DA3F00F002702A4 /* EmployeeHomeView.xib in Resources */ = {isa = PBXBuildFile; fileRef = C0DC486F2DA3F00F002702A4 /* EmployeeHomeView.xib */; };
		C0DC48722DA3F07B002702A4 /* EmployeeHomeView.swift in Sources */ = {isa = PBXBuildFile; fileRef = C0DC48712DA3F07B002702A4 /* EmployeeHomeView.swift */; };
		C0E9330C2DBEC9A400A679FB /* SecureTextFieldModifier.swift in Sources */ = {isa = PBXBuildFile; fileRef = C0E9330B2DBEC9A400A679FB /* SecureTextFieldModifier.swift */; };
/* End PBXBuildFile section */

/* Begin PBXContainerItemProxy section */
		C0B830D62D91CC7400280350 /* PBXContainerItemProxy */ = {
			isa = PBXContainerItemProxy;
			containerPortal = C0B830B72D91CC6F00280350 /* Project object */;
			proxyType = 1;
			remoteGlobalIDString = C0B830BE2D91CC6F00280350;
			remoteInfo = SecureUpdatingApp.;
		};
/* End PBXContainerItemProxy section */

/* Begin PBXFileReference section */
		C01B110E2D94212C0037715E /* ReqResAPIs.plist */ = {isa = PBXFileReference; lastKnownFileType = text.plist.xml; path = ReqResAPIs.plist; sourceTree = "<group>"; };
		C01B11102D9436480037715E /* NetworkManagerProtocols.swift */ = {isa = PBXFileReference; lastKnownFileType = sourcecode.swift; path = NetworkManagerProtocols.swift; sourceTree = "<group>"; };
		C01B11122D9437650037715E /* NetworkManager.swift */ = {isa = PBXFileReference; lastKnownFileType = sourcecode.swift; path = NetworkManager.swift; sourceTree = "<group>"; };
		C01B11142D94432C0037715E /* LoginTokenModel.swift */ = {isa = PBXFileReference; lastKnownFileType = sourcecode.swift; path = LoginTokenModel.swift; sourceTree = "<group>"; };
		C01B11162D9443C90037715E /* LoginServiceCall.swift */ = {isa = PBXFileReference; lastKnownFileType = sourcecode.swift; path = LoginServiceCall.swift; sourceTree = "<group>"; };
		C01B11192D9447F80037715E /* SecurePlistReader.swift */ = {isa = PBXFileReference; lastKnownFileType = sourcecode.swift; path = SecurePlistReader.swift; sourceTree = "<group>"; };
		C01B111B2D944EB30037715E /* LoginViewModel.swift */ = {isa = PBXFileReference; lastKnownFileType = sourcecode.swift; path = LoginViewModel.swift; sourceTree = "<group>"; };
		C01B111D2D9458DB0037715E /* LoginView.swift */ = {isa = PBXFileReference; lastKnownFileType = sourcecode.swift; path = LoginView.swift; sourceTree = "<group>"; };
		C01B111F2D9459AF0037715E /* LoginView.xib */ = {isa = PBXFileReference; lastKnownFileType = file.xib; path = LoginView.xib; sourceTree = "<group>"; };
		C01B11212D945C9B0037715E /* LoginViewController.xib */ = {isa = PBXFileReference; lastKnownFileType = file.xib; path = LoginViewController.xib; sourceTree = "<group>"; };
		C01B11242D94684A0037715E /* SecureActivityIndicatorManager.swift */ = {isa = PBXFileReference; lastKnownFileType = sourcecode.swift; path = SecureActivityIndicatorManager.swift; sourceTree = "<group>"; };
		C01B11262D94694F0037715E /* SecureAlertController.swift */ = {isa = PBXFileReference; lastKnownFileType = sourcecode.swift; path = SecureAlertController.swift; sourceTree = "<group>"; };
		C01B11282D946A220037715E /* SecureTextfieldAndButtonManager.swift */ = {isa = PBXFileReference; lastKnownFileType = sourcecode.swift; path = SecureTextfieldAndButtonManager.swift; sourceTree = "<group>"; };
		C01B112A2D946C740037715E /* SecureNavigation.swift */ = {isa = PBXFileReference; lastKnownFileType = sourcecode.swift; path = SecureNavigation.swift; sourceTree = "<group>"; };
		C01B112C2D946DA50037715E /* SecureToast.swift */ = {isa = PBXFileReference; lastKnownFileType = sourcecode.swift; path = SecureToast.swift; sourceTree = "<group>"; };
		C01B53432DBA660B00B5B972 /* SecureImageHelper.swift */ = {isa = PBXFileReference; lastKnownFileType = sourcecode.swift; path = SecureImageHelper.swift; sourceTree = "<group>"; };
		C0355D952DA6B61F0011E014 /* SecureModalPresenter.swift */ = {isa = PBXFileReference; lastKnownFileType = sourcecode.swift; path = SecureModalPresenter.swift; sourceTree = "<group>"; };
		C040DF472DA5C14700A35BA0 /* EmployeeListViewController.swift */ = {isa = PBXFileReference; lastKnownFileType = sourcecode.swift; path = EmployeeListViewController.swift; sourceTree = "<group>"; };
		C040DF482DA5C14700A35BA0 /* EmployeeListViewController.xib */ = {isa = PBXFileReference; lastKnownFileType = file.xib; path = EmployeeListViewController.xib; sourceTree = "<group>"; };
		C04DA0362DC1057B0030E68F /* EmployeeHomeViewModel.swift */ = {isa = PBXFileReference; lastKnownFileType = sourcecode.swift; path = EmployeeHomeViewModel.swift; sourceTree = "<group>"; };
		C04E15DF2DC65A4F00A551FB /* SecureDatePicker.swift */ = {isa = PBXFileReference; lastKnownFileType = sourcecode.swift; path = SecureDatePicker.swift; sourceTree = "<group>"; };
		C05E23B92D94A21C00C363FD /* EmployeeHomeViewController.swift */ = {isa = PBXFileReference; lastKnownFileType = sourcecode.swift; path = EmployeeHomeViewController.swift; sourceTree = "<group>"; };
		C05E23BA2D94A21C00C363FD /* EmployeeHomeViewController.xib */ = {isa = PBXFileReference; lastKnownFileType = file.xib; path = EmployeeHomeViewController.xib; sourceTree = "<group>"; };
		C05E23BF2D94AD7D00C363FD /* LoginServiceCallMock.swift */ = {isa = PBXFileReference; lastKnownFileType = sourcecode.swift; path = LoginServiceCallMock.swift; sourceTree = "<group>"; };
		C05E23C12D94AE7E00C363FD /* LoginServiceCallTests.swift */ = {isa = PBXFileReference; lastKnownFileType = sourcecode.swift; path = LoginServiceCallTests.swift; sourceTree = "<group>"; };
		C05E23C32D94B02800C363FD /* NetworkManagerMock.swift */ = {isa = PBXFileReference; lastKnownFileType = sourcecode.swift; path = NetworkManagerMock.swift; sourceTree = "<group>"; };
		C07066702DA6DB8D00738C0B /* EmployeeListModel.swift */ = {isa = PBXFileReference; lastKnownFileType = sourcecode.swift; path = EmployeeListModel.swift; sourceTree = "<group>"; };
		C07066722DA6F55500738C0B /* EmployeeListServiceCall.swift */ = {isa = PBXFileReference; lastKnownFileType = sourcecode.swift; path = EmployeeListServiceCall.swift; sourceTree = "<group>"; };
		C07834AA2D956D50001449F0 /* LoginViewModelDelegateMock.swift */ = {isa = PBXFileReference; lastKnownFileType = sourcecode.swift; path = LoginViewModelDelegateMock.swift; sourceTree = "<group>"; };
		C07834AC2D956DFE001449F0 /* LoginViewModelTests.swift */ = {isa = PBXFileReference; lastKnownFileType = sourcecode.swift; path = LoginViewModelTests.swift; sourceTree = "<group>"; };
		C0B830BF2D91CC6F00280350 /* SecureUpdatingApp..app */ = {isa = PBXFileReference; explicitFileType = wrapper.application; includeInIndex = 0; path = SecureUpdatingApp..app; sourceTree = BUILT_PRODUCTS_DIR; };
		C0B830C22D91CC6F00280350 /* AppDelegate.swift */ = {isa = PBXFileReference; lastKnownFileType = sourcecode.swift; path = AppDelegate.swift; sourceTree = "<group>"; };
		C0B830C42D91CC6F00280350 /* SceneDelegate.swift */ = {isa = PBXFileReference; lastKnownFileType = sourcecode.swift; path = SceneDelegate.swift; sourceTree = "<group>"; };
		C0B830C62D91CC6F00280350 /* LoginViewController.swift */ = {isa = PBXFileReference; lastKnownFileType = sourcecode.swift; path = LoginViewController.swift; sourceTree = "<group>"; };
		C0B830CB2D91CC7400280350 /* Assets.xcassets */ = {isa = PBXFileReference; lastKnownFileType = folder.assetcatalog; path = Assets.xcassets; sourceTree = "<group>"; };
		C0B830CE2D91CC7400280350 /* Base */ = {isa = PBXFileReference; lastKnownFileType = file.storyboard; name = Base; path = Base.lproj/LaunchScreen.storyboard; sourceTree = "<group>"; };
		C0B830D02D91CC7400280350 /* Info.plist */ = {isa = PBXFileReference; lastKnownFileType = text.plist.xml; path = Info.plist; sourceTree = "<group>"; };
		C0B830D52D91CC7400280350 /* SecureUpdatingApp.Tests.xctest */ = {isa = PBXFileReference; explicitFileType = wrapper.cfbundle; includeInIndex = 0; path = SecureUpdatingApp.Tests.xctest; sourceTree = BUILT_PRODUCTS_DIR; };
		C0B830D92D91CC7400280350 /* SecureUpdatingApp_Tests.swift */ = {isa = PBXFileReference; lastKnownFileType = sourcecode.swift; path = SecureUpdatingApp_Tests.swift; sourceTree = "<group>"; };
		C0C3594E2DC7C10400405038 /* AdditionalInfoView.swift */ = {isa = PBXFileReference; lastKnownFileType = sourcecode.swift; path = AdditionalInfoView.swift; sourceTree = "<group>"; };
		C0C359502DC7C24800405038 /* AdditionalInfoView.xib */ = {isa = PBXFileReference; lastKnownFileType = file.xib; path = AdditionalInfoView.xib; sourceTree = "<group>"; };
		C0C359522DC7C35000405038 /* AdditionalInfoViewController.swift */ = {isa = PBXFileReference; lastKnownFileType = sourcecode.swift; path = AdditionalInfoViewController.swift; sourceTree = "<group>"; };
		C0C359532DC7C35000405038 /* AdditionalInfoViewController.xib */ = {isa = PBXFileReference; lastKnownFileType = file.xib; path = AdditionalInfoViewController.xib; sourceTree = "<group>"; };
		C0CE34522DA7041D00C689D8 /* EmployeeListViewModel.swift */ = {isa = PBXFileReference; lastKnownFileType = sourcecode.swift; path = EmployeeListViewModel.swift; sourceTree = "<group>"; };
		C0CE34542DAC49A300C689D8 /* EmployeeListView.swift */ = {isa = PBXFileReference; lastKnownFileType = sourcecode.swift; path = EmployeeListView.swift; sourceTree = "<group>"; };
		C0CE34562DAC4A3B00C689D8 /* EmployeeListView.xib */ = {isa = PBXFileReference; lastKnownFileType = file.xib; path = EmployeeListView.xib; sourceTree = "<group>"; };
		C0CE34592DAC5D2F00C689D8 /* EmployeeListTableViewCell.swift */ = {isa = PBXFileReference; lastKnownFileType = sourcecode.swift; path = EmployeeListTableViewCell.swift; sourceTree = "<group>"; };
		C0CE345A2DAC5D2F00C689D8 /* EmployeeListTableViewCell.xib */ = {isa = PBXFileReference; lastKnownFileType = file.xib; path = EmployeeListTableViewCell.xib; sourceTree = "<group>"; };
		C0DC486F2DA3F00F002702A4 /* EmployeeHomeView.xib */ = {isa = PBXFileReference; lastKnownFileType = file.xib; path = EmployeeHomeView.xib; sourceTree = "<group>"; };
		C0DC48712DA3F07B002702A4 /* EmployeeHomeView.swift */ = {isa = PBXFileReference; lastKnownFileType = sourcecode.swift; path = EmployeeHomeView.swift; sourceTree = "<group>"; };
		C0E9330B2DBEC9A400A679FB /* SecureTextFieldModifier.swift */ = {isa = PBXFileReference; lastKnownFileType = sourcecode.swift; path = SecureTextFieldModifier.swift; sourceTree = "<group>"; };
/* End PBXFileReference section */

/* Begin PBXFrameworksBuildPhase section */
		C0B830BC2D91CC6F00280350 /* Frameworks */ = {
			isa = PBXFrameworksBuildPhase;
			buildActionMask = 2147483647;
			files = (
				C049993D2DBA0EDE003820F6 /* Kingfisher in Frameworks */,
			);
			runOnlyForDeploymentPostprocessing = 0;
		};
		C0B830D22D91CC7400280350 /* Frameworks */ = {
			isa = PBXFrameworksBuildPhase;
			buildActionMask = 2147483647;
			files = (
			);
			runOnlyForDeploymentPostprocessing = 0;
		};
/* End PBXFrameworksBuildPhase section */

/* Begin PBXGroup section */
		C01B10FD2D9336790037715E /* ViewController */ = {
			isa = PBXGroup;
			children = (
				C0B830C62D91CC6F00280350 /* LoginViewController.swift */,
				C01B11212D945C9B0037715E /* LoginViewController.xib */,
			);
			path = ViewController;
			sourceTree = "<group>";
		};
		C01B10FE2D9338870037715E /* Login */ = {
			isa = PBXGroup;
			children = (
				C01B11022D9339CB0037715E /* Model */,
				C01B11012D9338D10037715E /* ServiceCall */,
				C01B11002D9338B40037715E /* ViewModel */,
				C01B10FF2D93389D0037715E /* View */,
				C01B10FD2D9336790037715E /* ViewController */,
			);
			path = Login;
			sourceTree = "<group>";
		};
		C01B10FF2D93389D0037715E /* View */ = {
			isa = PBXGroup;
			children = (
				C01B111D2D9458DB0037715E /* LoginView.swift */,
				C01B111F2D9459AF0037715E /* LoginView.xib */,
			);
			path = View;
			sourceTree = "<group>";
		};
		C01B11002D9338B40037715E /* ViewModel */ = {
			isa = PBXGroup;
			children = (
				C01B111B2D944EB30037715E /* LoginViewModel.swift */,
			);
			path = ViewModel;
			sourceTree = "<group>";
		};
		C01B11012D9338D10037715E /* ServiceCall */ = {
			isa = PBXGroup;
			children = (
				C01B11162D9443C90037715E /* LoginServiceCall.swift */,
			);
			path = ServiceCall;
			sourceTree = "<group>";
		};
		C01B11022D9339CB0037715E /* Model */ = {
			isa = PBXGroup;
			children = (
				C01B11142D94432C0037715E /* LoginTokenModel.swift */,
			);
			path = Model;
			sourceTree = "<group>";
		};
		C01B11072D94157D0037715E /* APIs */ = {
			isa = PBXGroup;
			children = (
				C01B110E2D94212C0037715E /* ReqResAPIs.plist */,
			);
			path = APIs;
			sourceTree = "<group>";
		};
		C01B110C2D9418E40037715E /* NetworkManager */ = {
			isa = PBXGroup;
			children = (
				C01B11102D9436480037715E /* NetworkManagerProtocols.swift */,
				C01B11122D9437650037715E /* NetworkManager.swift */,
			);
			path = NetworkManager;
			sourceTree = "<group>";
		};
		C01B110D2D9419210037715E /* Reusable */ = {
			isa = PBXGroup;
			children = (
				C01B11182D94473C0037715E /* PlistReader */,
				C01B11232D9465E40037715E /* ReusableUikit */,
			);
			path = Reusable;
			sourceTree = "<group>";
		};
		C01B11182D94473C0037715E /* PlistReader */ = {
			isa = PBXGroup;
			children = (
				C01B11192D9447F80037715E /* SecurePlistReader.swift */,
			);
			path = PlistReader;
			sourceTree = "<group>";
		};
		C01B11232D9465E40037715E /* ReusableUikit */ = {
			isa = PBXGroup;
			children = (
				C01B11242D94684A0037715E /* SecureActivityIndicatorManager.swift */,
				C01B11262D94694F0037715E /* SecureAlertController.swift */,
				C01B11282D946A220037715E /* SecureTextfieldAndButtonManager.swift */,
				C01B112A2D946C740037715E /* SecureNavigation.swift */,
				C01B112C2D946DA50037715E /* SecureToast.swift */,
				C0355D952DA6B61F0011E014 /* SecureModalPresenter.swift */,
				C01B53432DBA660B00B5B972 /* SecureImageHelper.swift */,
				C0E9330B2DBEC9A400A679FB /* SecureTextFieldModifier.swift */,
				C04E15DF2DC65A4F00A551FB /* SecureDatePicker.swift */,
			);
			path = ReusableUikit;
			sourceTree = "<group>";
		};
		C040DF442DA5B9BD00A35BA0 /* EmployeeHome */ = {
			isa = PBXGroup;
			children = (
				C04DA0352DC1047E0030E68F /* ViewModel */,
				C0DC486E2DA3EFF5002702A4 /* View */,
				C05E23B82D94A09600C363FD /* ViewController */,
			);
			path = EmployeeHome;
			sourceTree = "<group>";
		};
		C040DF452DA5BB4C00A35BA0 /* EmployeeList */ = {
			isa = PBXGroup;
			children = (
				C040DF4C2DA5C2CA00A35BA0 /* Model */,
				C040DF4D2DA5C2DB00A35BA0 /* ServiceCall */,
				C040DF4E2DA5C31300A35BA0 /* ViewModel */,
				C040DF4B2DA5C1CD00A35BA0 /* View */,
				C040DF462DA5BFB600A35BA0 /* ViewController */,
			);
			path = EmployeeList;
			sourceTree = "<group>";
		};
		C040DF462DA5BFB600A35BA0 /* ViewController */ = {
			isa = PBXGroup;
			children = (
				C040DF472DA5C14700A35BA0 /* EmployeeListViewController.swift */,
				C040DF482DA5C14700A35BA0 /* EmployeeListViewController.xib */,
			);
			path = ViewController;
			sourceTree = "<group>";
		};
		C040DF4B2DA5C1CD00A35BA0 /* View */ = {
			isa = PBXGroup;
			children = (
				C0CE34542DAC49A300C689D8 /* EmployeeListView.swift */,
				C0CE34562DAC4A3B00C689D8 /* EmployeeListView.xib */,
				C0CE34582DAC5CD000C689D8 /* CellView */,
			);
			path = View;
			sourceTree = "<group>";
		};
		C040DF4C2DA5C2CA00A35BA0 /* Model */ = {
			isa = PBXGroup;
			children = (
				C07066702DA6DB8D00738C0B /* EmployeeListModel.swift */,
			);
			path = Model;
			sourceTree = "<group>";
		};
		C040DF4D2DA5C2DB00A35BA0 /* ServiceCall */ = {
			isa = PBXGroup;
			children = (
				C07066722DA6F55500738C0B /* EmployeeListServiceCall.swift */,
			);
			path = ServiceCall;
			sourceTree = "<group>";
		};
		C040DF4E2DA5C31300A35BA0 /* ViewModel */ = {
			isa = PBXGroup;
			children = (
				C0CE34522DA7041D00C689D8 /* EmployeeListViewModel.swift */,
			);
			path = ViewModel;
			sourceTree = "<group>";
		};
		C04DA0352DC1047E0030E68F /* ViewModel */ = {
			isa = PBXGroup;
			children = (
				C04DA0362DC1057B0030E68F /* EmployeeHomeViewModel.swift */,
			);
			path = ViewModel;
			sourceTree = "<group>";
		};
		C05E23B72D949FA400C363FD /* Employee */ = {
			isa = PBXGroup;
			children = (
				C040DF442DA5B9BD00A35BA0 /* EmployeeHome */,
				C040DF452DA5BB4C00A35BA0 /* EmployeeList */,
			);
			path = Employee;
			sourceTree = "<group>";
		};
		C05E23B82D94A09600C363FD /* ViewController */ = {
			isa = PBXGroup;
			children = (
				C05E23B92D94A21C00C363FD /* EmployeeHomeViewController.swift */,
				C05E23BA2D94A21C00C363FD /* EmployeeHomeViewController.xib */,
			);
			path = ViewController;
			sourceTree = "<group>";
		};
		C05E23BD2D94AC0B00C363FD /* LoginMocks */ = {
			isa = PBXGroup;
			children = (
				C05E23BF2D94AD7D00C363FD /* LoginServiceCallMock.swift */,
				C05E23C32D94B02800C363FD /* NetworkManagerMock.swift */,
				C07834AA2D956D50001449F0 /* LoginViewModelDelegateMock.swift */,
			);
			path = LoginMocks;
			sourceTree = "<group>";
		};
		C05E23BE2D94ACDB00C363FD /* LoginUnitTests */ = {
			isa = PBXGroup;
			children = (
				C05E23C12D94AE7E00C363FD /* LoginServiceCallTests.swift */,
				C07834AC2D956DFE001449F0 /* LoginViewModelTests.swift */,
			);
			path = LoginUnitTests;
			sourceTree = "<group>";
		};
		C0B830B62D91CC6F00280350 = {
			isa = PBXGroup;
			children = (
				C0B830C12D91CC6F00280350 /* SecureUpdatingApp. */,
				C0B830D82D91CC7400280350 /* SecureUpdatingApp.Tests */,
				C0B830C02D91CC6F00280350 /* Products */,
			);
			sourceTree = "<group>";
		};
		C0B830C02D91CC6F00280350 /* Products */ = {
			isa = PBXGroup;
			children = (
				C0B830BF2D91CC6F00280350 /* SecureUpdatingApp..app */,
				C0B830D52D91CC7400280350 /* SecureUpdatingApp.Tests.xctest */,
			);
			name = Products;
			sourceTree = "<group>";
		};
		C0B830C12D91CC6F00280350 /* SecureUpdatingApp. */ = {
			isa = PBXGroup;
			children = (
				C0B830C22D91CC6F00280350 /* AppDelegate.swift */,
				C0B830C42D91CC6F00280350 /* SceneDelegate.swift */,
				C01B11072D94157D0037715E /* APIs */,
				C01B110C2D9418E40037715E /* NetworkManager */,
				C01B110D2D9419210037715E /* Reusable */,
				C01B10FE2D9338870037715E /* Login */,
				C05E23B72D949FA400C363FD /* Employee */,
				C0C3594B2DC7B0FA00405038 /* AdditionalInfo */,
				C0B830CB2D91CC7400280350 /* Assets.xcassets */,
				C0B830CD2D91CC7400280350 /* LaunchScreen.storyboard */,
				C0B830D02D91CC7400280350 /* Info.plist */,
			);
			path = SecureUpdatingApp.;
			sourceTree = "<group>";
		};
		C0B830D82D91CC7400280350 /* SecureUpdatingApp.Tests */ = {
			isa = PBXGroup;
			children = (
				C0B830D92D91CC7400280350 /* SecureUpdatingApp_Tests.swift */,
				C05E23BD2D94AC0B00C363FD /* LoginMocks */,
				C05E23BE2D94ACDB00C363FD /* LoginUnitTests */,
			);
			path = SecureUpdatingApp.Tests;
			sourceTree = "<group>";
		};
		C0C3594B2DC7B0FA00405038 /* AdditionalInfo */ = {
			isa = PBXGroup;
			children = (
				C0F9F8DF2DC904D600116600 /* AdditionalInfoHome */,
				C0F9F8DE2DC9037100116600 /* ColourList */,
			);
			path = AdditionalInfo;
			sourceTree = "<group>";
		};
		C0C3594C2DC7B11100405038 /* View */ = {
			isa = PBXGroup;
			children = (
				C0C3594E2DC7C10400405038 /* AdditionalInfoView.swift */,
				C0C359502DC7C24800405038 /* AdditionalInfoView.xib */,
			);
			path = View;
			sourceTree = "<group>";
		};
		C0C3594D2DC7B12D00405038 /* ViewController */ = {
			isa = PBXGroup;
			children = (
				C0C359522DC7C35000405038 /* AdditionalInfoViewController.swift */,
				C0C359532DC7C35000405038 /* AdditionalInfoViewController.xib */,
			);
			path = ViewController;
			sourceTree = "<group>";
		};
		C0CE34582DAC5CD000C689D8 /* CellView */ = {
			isa = PBXGroup;
			children = (
				C0CE34592DAC5D2F00C689D8 /* EmployeeListTableViewCell.swift */,
				C0CE345A2DAC5D2F00C689D8 /* EmployeeListTableViewCell.xib */,
			);
			path = CellView;
			sourceTree = "<group>";
		};
		C0DC486E2DA3EFF5002702A4 /* View */ = {
			isa = PBXGroup;
			children = (
				C0DC48712DA3F07B002702A4 /* EmployeeHomeView.swift */,
				C0DC486F2DA3F00F002702A4 /* EmployeeHomeView.xib */,
			);
			path = View;
			sourceTree = "<group>";
		};
		C0F9F8DE2DC9037100116600 /* ColourList */ = {
			isa = PBXGroup;
			children = (
			);
			path = ColourList;
			sourceTree = "<group>";
		};
		C0F9F8DF2DC904D600116600 /* AdditionalInfoHome */ = {
			isa = PBXGroup;
			children = (
				C0C3594D2DC7B12D00405038 /* ViewController */,
				C0C3594C2DC7B11100405038 /* View */,
			);
			path = AdditionalInfoHome;
			sourceTree = "<group>";
		};
/* End PBXGroup section */

/* Begin PBXNativeTarget section */
		C0B830BE2D91CC6F00280350 /* SecureUpdatingApp. */ = {
			isa = PBXNativeTarget;
			buildConfigurationList = C0B830E92D91CC7500280350 /* Build configuration list for PBXNativeTarget "SecureUpdatingApp." */;
			buildPhases = (
				C0B830BB2D91CC6F00280350 /* Sources */,
				C0B830BC2D91CC6F00280350 /* Frameworks */,
				C0B830BD2D91CC6F00280350 /* Resources */,
			);
			buildRules = (
			);
			dependencies = (
			);
			name = SecureUpdatingApp.;
			packageProductDependencies = (
				C049993C2DBA0EDE003820F6 /* Kingfisher */,
			);
			productName = SecureUpdatingApp.;
			productReference = C0B830BF2D91CC6F00280350 /* SecureUpdatingApp..app */;
			productType = "com.apple.product-type.application";
		};
		C0B830D42D91CC7400280350 /* SecureUpdatingApp.Tests */ = {
			isa = PBXNativeTarget;
			buildConfigurationList = C0B830EC2D91CC7500280350 /* Build configuration list for PBXNativeTarget "SecureUpdatingApp.Tests" */;
			buildPhases = (
				C0B830D12D91CC7400280350 /* Sources */,
				C0B830D22D91CC7400280350 /* Frameworks */,
				C0B830D32D91CC7400280350 /* Resources */,
			);
			buildRules = (
			);
			dependencies = (
				C0B830D72D91CC7400280350 /* PBXTargetDependency */,
			);
			name = SecureUpdatingApp.Tests;
			productName = SecureUpdatingApp.Tests;
			productReference = C0B830D52D91CC7400280350 /* SecureUpdatingApp.Tests.xctest */;
			productType = "com.apple.product-type.bundle.unit-test";
		};
/* End PBXNativeTarget section */

/* Begin PBXProject section */
		C0B830B72D91CC6F00280350 /* Project object */ = {
			isa = PBXProject;
			attributes = {
				BuildIndependentTargetsInParallel = 1;
				LastSwiftUpdateCheck = 1420;
				LastUpgradeCheck = 1420;
				TargetAttributes = {
					C0B830BE2D91CC6F00280350 = {
						CreatedOnToolsVersion = 14.2;
					};
					C0B830D42D91CC7400280350 = {
						CreatedOnToolsVersion = 14.2;
						TestTargetID = C0B830BE2D91CC6F00280350;
					};
				};
			};
			buildConfigurationList = C0B830BA2D91CC6F00280350 /* Build configuration list for PBXProject "SecureUpdatingApp." */;
			compatibilityVersion = "Xcode 14.0";
			developmentRegion = en;
			hasScannedForEncodings = 0;
			knownRegions = (
				en,
				Base,
			);
			mainGroup = C0B830B62D91CC6F00280350;
			packageReferences = (
				C049993B2DBA0EDD003820F6 /* XCRemoteSwiftPackageReference "Kingfisher" */,
			);
			productRefGroup = C0B830C02D91CC6F00280350 /* Products */;
			projectDirPath = "";
			projectRoot = "";
			targets = (
				C0B830BE2D91CC6F00280350 /* SecureUpdatingApp. */,
				C0B830D42D91CC7400280350 /* SecureUpdatingApp.Tests */,
			);
		};
/* End PBXProject section */

/* Begin PBXResourcesBuildPhase section */
		C0B830BD2D91CC6F00280350 /* Resources */ = {
			isa = PBXResourcesBuildPhase;
			buildActionMask = 2147483647;
			files = (
				C0DC48702DA3F00F002702A4 /* EmployeeHomeView.xib in Resources */,
				C0CE34572DAC4A3B00C689D8 /* EmployeeListView.xib in Resources */,
				C0C359512DC7C24800405038 /* AdditionalInfoView.xib in Resources */,
				C01B11222D945C9B0037715E /* LoginViewController.xib in Resources */,
				C0CE345C2DAC5D2F00C689D8 /* EmployeeListTableViewCell.xib in Resources */,
				C040DF4A2DA5C14800A35BA0 /* EmployeeListViewController.xib in Resources */,
				C0C359552DC7C35000405038 /* AdditionalInfoViewController.xib in Resources */,
				C0B830CF2D91CC7400280350 /* LaunchScreen.storyboard in Resources */,
				C01B110F2D94212C0037715E /* ReqResAPIs.plist in Resources */,
				C05E23BC2D94A21C00C363FD /* EmployeeHomeViewController.xib in Resources */,
				C01B11202D9459AF0037715E /* LoginView.xib in Resources */,
				C0B830CC2D91CC7400280350 /* Assets.xcassets in Resources */,
			);
			runOnlyForDeploymentPostprocessing = 0;
		};
		C0B830D32D91CC7400280350 /* Resources */ = {
			isa = PBXResourcesBuildPhase;
			buildActionMask = 2147483647;
			files = (
			);
			runOnlyForDeploymentPostprocessing = 0;
		};
/* End PBXResourcesBuildPhase section */

/* Begin PBXSourcesBuildPhase section */
		C0B830BB2D91CC6F00280350 /* Sources */ = {
			isa = PBXSourcesBuildPhase;
			buildActionMask = 2147483647;
			files = (
				C01B11172D9443C90037715E /* LoginServiceCall.swift in Sources */,
				C0CE34552DAC49A300C689D8 /* EmployeeListView.swift in Sources */,
				C0B830C72D91CC6F00280350 /* LoginViewController.swift in Sources */,
				C040DF492DA5C14700A35BA0 /* EmployeeListViewController.swift in Sources */,
				C01B53442DBA660B00B5B972 /* SecureImageHelper.swift in Sources */,
				C0B830C32D91CC6F00280350 /* AppDelegate.swift in Sources */,
				C0E9330C2DBEC9A400A679FB /* SecureTextFieldModifier.swift in Sources */,
				C07066732DA6F55600738C0B /* EmployeeListServiceCall.swift in Sources */,
				C04E15E02DC65A4F00A551FB /* SecureDatePicker.swift in Sources */,
				C01B111A2D9447F80037715E /* SecurePlistReader.swift in Sources */,
				C07066712DA6DB8D00738C0B /* EmployeeListModel.swift in Sources */,
				C0355D962DA6B6200011E014 /* SecureModalPresenter.swift in Sources */,
				C01B11292D946A220037715E /* SecureTextfieldAndButtonManager.swift in Sources */,
				C01B11132D9437650037715E /* NetworkManager.swift in Sources */,
				C0C3594F2DC7C10400405038 /* AdditionalInfoView.swift in Sources */,
				C05E23BB2D94A21C00C363FD /* EmployeeHomeViewController.swift in Sources */,
				C01B11272D94694F0037715E /* SecureAlertController.swift in Sources */,
				C0CE34532DA7041D00C689D8 /* EmployeeListViewModel.swift in Sources */,
				C01B11112D9436490037715E /* NetworkManagerProtocols.swift in Sources */,
				C0B830C52D91CC6F00280350 /* SceneDelegate.swift in Sources */,
				C01B11152D94432C0037715E /* LoginTokenModel.swift in Sources */,
				C0CE345B2DAC5D2F00C689D8 /* EmployeeListTableViewCell.swift in Sources */,
				C04DA0372DC1057B0030E68F /* EmployeeHomeViewModel.swift in Sources */,
				C0C359542DC7C35000405038 /* AdditionalInfoViewController.swift in Sources */,
				C0DC48722DA3F07B002702A4 /* EmployeeHomeView.swift in Sources */,
				C01B11252D94684A0037715E /* SecureActivityIndicatorManager.swift in Sources */,
				C01B111E2D9458DB0037715E /* LoginView.swift in Sources */,
				C01B112B2D946C740037715E /* SecureNavigation.swift in Sources */,
				C01B111C2D944EB30037715E /* LoginViewModel.swift in Sources */,
				C01B112D2D946DA50037715E /* SecureToast.swift in Sources */,
			);
			runOnlyForDeploymentPostprocessing = 0;
		};
		C0B830D12D91CC7400280350 /* Sources */ = {
			isa = PBXSourcesBuildPhase;
			buildActionMask = 2147483647;
			files = (
				C07834AD2D956DFE001449F0 /* LoginViewModelTests.swift in Sources */,
				C0B830DA2D91CC7400280350 /* SecureUpdatingApp_Tests.swift in Sources */,
				C05E23C22D94AE7E00C363FD /* LoginServiceCallTests.swift in Sources */,
				C07834AB2D956D50001449F0 /* LoginViewModelDelegateMock.swift in Sources */,
				C05E23C42D94B02800C363FD /* NetworkManagerMock.swift in Sources */,
				C05E23C02D94AD7D00C363FD /* LoginServiceCallMock.swift in Sources */,
			);
			runOnlyForDeploymentPostprocessing = 0;
		};
/* End PBXSourcesBuildPhase section */

/* Begin PBXTargetDependency section */
		C0B830D72D91CC7400280350 /* PBXTargetDependency */ = {
			isa = PBXTargetDependency;
			target = C0B830BE2D91CC6F00280350 /* SecureUpdatingApp. */;
			targetProxy = C0B830D62D91CC7400280350 /* PBXContainerItemProxy */;
		};
/* End PBXTargetDependency section */

/* Begin PBXVariantGroup section */
		C0B830CD2D91CC7400280350 /* LaunchScreen.storyboard */ = {
			isa = PBXVariantGroup;
			children = (
				C0B830CE2D91CC7400280350 /* Base */,
			);
			name = LaunchScreen.storyboard;
			sourceTree = "<group>";
		};
/* End PBXVariantGroup section */

/* Begin XCBuildConfiguration section */
		C0B830E72D91CC7500280350 /* Debug */ = {
			isa = XCBuildConfiguration;
			buildSettings = {
				ALWAYS_SEARCH_USER_PATHS = NO;
				CLANG_ANALYZER_NONNULL = YES;
				CLANG_ANALYZER_NUMBER_OBJECT_CONVERSION = YES_AGGRESSIVE;
				CLANG_CXX_LANGUAGE_STANDARD = "gnu++20";
				CLANG_ENABLE_MODULES = YES;
				CLANG_ENABLE_OBJC_ARC = YES;
				CLANG_ENABLE_OBJC_WEAK = YES;
				CLANG_WARN_BLOCK_CAPTURE_AUTORELEASING = YES;
				CLANG_WARN_BOOL_CONVERSION = YES;
				CLANG_WARN_COMMA = YES;
				CLANG_WARN_CONSTANT_CONVERSION = YES;
				CLANG_WARN_DEPRECATED_OBJC_IMPLEMENTATIONS = YES;
				CLANG_WARN_DIRECT_OBJC_ISA_USAGE = YES_ERROR;
				CLANG_WARN_DOCUMENTATION_COMMENTS = YES;
				CLANG_WARN_EMPTY_BODY = YES;
				CLANG_WARN_ENUM_CONVERSION = YES;
				CLANG_WARN_INFINITE_RECURSION = YES;
				CLANG_WARN_INT_CONVERSION = YES;
				CLANG_WARN_NON_LITERAL_NULL_CONVERSION = YES;
				CLANG_WARN_OBJC_IMPLICIT_RETAIN_SELF = YES;
				CLANG_WARN_OBJC_LITERAL_CONVERSION = YES;
				CLANG_WARN_OBJC_ROOT_CLASS = YES_ERROR;
				CLANG_WARN_QUOTED_INCLUDE_IN_FRAMEWORK_HEADER = YES;
				CLANG_WARN_RANGE_LOOP_ANALYSIS = YES;
				CLANG_WARN_STRICT_PROTOTYPES = YES;
				CLANG_WARN_SUSPICIOUS_MOVE = YES;
				CLANG_WARN_UNGUARDED_AVAILABILITY = YES_AGGRESSIVE;
				CLANG_WARN_UNREACHABLE_CODE = YES;
				CLANG_WARN__DUPLICATE_METHOD_MATCH = YES;
				COPY_PHASE_STRIP = NO;
				DEBUG_INFORMATION_FORMAT = dwarf;
				ENABLE_STRICT_OBJC_MSGSEND = YES;
				ENABLE_TESTABILITY = YES;
				GCC_C_LANGUAGE_STANDARD = gnu11;
				GCC_DYNAMIC_NO_PIC = NO;
				GCC_NO_COMMON_BLOCKS = YES;
				GCC_OPTIMIZATION_LEVEL = 0;
				GCC_PREPROCESSOR_DEFINITIONS = (
					"DEBUG=1",
					"$(inherited)",
				);
				GCC_WARN_64_TO_32_BIT_CONVERSION = YES;
				GCC_WARN_ABOUT_RETURN_TYPE = YES_ERROR;
				GCC_WARN_UNDECLARED_SELECTOR = YES;
				GCC_WARN_UNINITIALIZED_AUTOS = YES_AGGRESSIVE;
				GCC_WARN_UNUSED_FUNCTION = YES;
				GCC_WARN_UNUSED_VARIABLE = YES;
				IPHONEOS_DEPLOYMENT_TARGET = 16.2;
				MTL_ENABLE_DEBUG_INFO = INCLUDE_SOURCE;
				MTL_FAST_MATH = YES;
				ONLY_ACTIVE_ARCH = YES;
				SDKROOT = iphoneos;
				SWIFT_ACTIVE_COMPILATION_CONDITIONS = DEBUG;
				SWIFT_OPTIMIZATION_LEVEL = "-Onone";
			};
			name = Debug;
		};
		C0B830E82D91CC7500280350 /* Release */ = {
			isa = XCBuildConfiguration;
			buildSettings = {
				ALWAYS_SEARCH_USER_PATHS = NO;
				CLANG_ANALYZER_NONNULL = YES;
				CLANG_ANALYZER_NUMBER_OBJECT_CONVERSION = YES_AGGRESSIVE;
				CLANG_CXX_LANGUAGE_STANDARD = "gnu++20";
				CLANG_ENABLE_MODULES = YES;
				CLANG_ENABLE_OBJC_ARC = YES;
				CLANG_ENABLE_OBJC_WEAK = YES;
				CLANG_WARN_BLOCK_CAPTURE_AUTORELEASING = YES;
				CLANG_WARN_BOOL_CONVERSION = YES;
				CLANG_WARN_COMMA = YES;
				CLANG_WARN_CONSTANT_CONVERSION = YES;
				CLANG_WARN_DEPRECATED_OBJC_IMPLEMENTATIONS = YES;
				CLANG_WARN_DIRECT_OBJC_ISA_USAGE = YES_ERROR;
				CLANG_WARN_DOCUMENTATION_COMMENTS = YES;
				CLANG_WARN_EMPTY_BODY = YES;
				CLANG_WARN_ENUM_CONVERSION = YES;
				CLANG_WARN_INFINITE_RECURSION = YES;
				CLANG_WARN_INT_CONVERSION = YES;
				CLANG_WARN_NON_LITERAL_NULL_CONVERSION = YES;
				CLANG_WARN_OBJC_IMPLICIT_RETAIN_SELF = YES;
				CLANG_WARN_OBJC_LITERAL_CONVERSION = YES;
				CLANG_WARN_OBJC_ROOT_CLASS = YES_ERROR;
				CLANG_WARN_QUOTED_INCLUDE_IN_FRAMEWORK_HEADER = YES;
				CLANG_WARN_RANGE_LOOP_ANALYSIS = YES;
				CLANG_WARN_STRICT_PROTOTYPES = YES;
				CLANG_WARN_SUSPICIOUS_MOVE = YES;
				CLANG_WARN_UNGUARDED_AVAILABILITY = YES_AGGRESSIVE;
				CLANG_WARN_UNREACHABLE_CODE = YES;
				CLANG_WARN__DUPLICATE_METHOD_MATCH = YES;
				COPY_PHASE_STRIP = NO;
				DEBUG_INFORMATION_FORMAT = "dwarf-with-dsym";
				ENABLE_NS_ASSERTIONS = NO;
				ENABLE_STRICT_OBJC_MSGSEND = YES;
				GCC_C_LANGUAGE_STANDARD = gnu11;
				GCC_NO_COMMON_BLOCKS = YES;
				GCC_WARN_64_TO_32_BIT_CONVERSION = YES;
				GCC_WARN_ABOUT_RETURN_TYPE = YES_ERROR;
				GCC_WARN_UNDECLARED_SELECTOR = YES;
				GCC_WARN_UNINITIALIZED_AUTOS = YES_AGGRESSIVE;
				GCC_WARN_UNUSED_FUNCTION = YES;
				GCC_WARN_UNUSED_VARIABLE = YES;
				IPHONEOS_DEPLOYMENT_TARGET = 16.2;
				MTL_ENABLE_DEBUG_INFO = NO;
				MTL_FAST_MATH = YES;
				SDKROOT = iphoneos;
				SWIFT_COMPILATION_MODE = wholemodule;
				SWIFT_OPTIMIZATION_LEVEL = "-O";
				VALIDATE_PRODUCT = YES;
			};
			name = Release;
		};
		C0B830EA2D91CC7500280350 /* Debug */ = {
			isa = XCBuildConfiguration;
			buildSettings = {
				ASSETCATALOG_COMPILER_APPICON_NAME = AppIcon;
				ASSETCATALOG_COMPILER_GLOBAL_ACCENT_COLOR_NAME = AccentColor;
				CODE_SIGN_STYLE = Automatic;
				CURRENT_PROJECT_VERSION = 1;
				GENERATE_INFOPLIST_FILE = YES;
				INFOPLIST_FILE = SecureUpdatingApp./Info.plist;
				INFOPLIST_KEY_UIApplicationSupportsIndirectInputEvents = YES;
				INFOPLIST_KEY_UILaunchStoryboardName = LaunchScreen;
				INFOPLIST_KEY_UISupportedInterfaceOrientations = UIInterfaceOrientationPortrait;
				INFOPLIST_KEY_UISupportedInterfaceOrientations_iPad = "UIInterfaceOrientationLandscapeLeft UIInterfaceOrientationLandscapeRight UIInterfaceOrientationPortrait UIInterfaceOrientationPortraitUpsideDown";
				LD_RUNPATH_SEARCH_PATHS = (
					"$(inherited)",
					"@executable_path/Frameworks",
				);
				MARKETING_VERSION = 1.0;
				PRODUCT_BUNDLE_IDENTIFIER = "lindo.SecureUpdatingApp-";
				PRODUCT_NAME = "$(TARGET_NAME)";
				SWIFT_EMIT_LOC_STRINGS = YES;
				SWIFT_VERSION = 5.0;
				TARGETED_DEVICE_FAMILY = "1,2";
			};
			name = Debug;
		};
		C0B830EB2D91CC7500280350 /* Release */ = {
			isa = XCBuildConfiguration;
			buildSettings = {
				ASSETCATALOG_COMPILER_APPICON_NAME = AppIcon;
				ASSETCATALOG_COMPILER_GLOBAL_ACCENT_COLOR_NAME = AccentColor;
				CODE_SIGN_STYLE = Automatic;
				CURRENT_PROJECT_VERSION = 1;
				GENERATE_INFOPLIST_FILE = YES;
				INFOPLIST_FILE = SecureUpdatingApp./Info.plist;
				INFOPLIST_KEY_UIApplicationSupportsIndirectInputEvents = YES;
				INFOPLIST_KEY_UILaunchStoryboardName = LaunchScreen;
				INFOPLIST_KEY_UISupportedInterfaceOrientations = UIInterfaceOrientationPortrait;
				INFOPLIST_KEY_UISupportedInterfaceOrientations_iPad = "UIInterfaceOrientationLandscapeLeft UIInterfaceOrientationLandscapeRight UIInterfaceOrientationPortrait UIInterfaceOrientationPortraitUpsideDown";
				LD_RUNPATH_SEARCH_PATHS = (
					"$(inherited)",
					"@executable_path/Frameworks",
				);
				MARKETING_VERSION = 1.0;
				PRODUCT_BUNDLE_IDENTIFIER = "lindo.SecureUpdatingApp-";
				PRODUCT_NAME = "$(TARGET_NAME)";
				SWIFT_EMIT_LOC_STRINGS = YES;
				SWIFT_VERSION = 5.0;
				TARGETED_DEVICE_FAMILY = "1,2";
			};
			name = Release;
		};
		C0B830ED2D91CC7500280350 /* Debug */ = {
			isa = XCBuildConfiguration;
			buildSettings = {
				ALWAYS_EMBED_SWIFT_STANDARD_LIBRARIES = YES;
				BUNDLE_LOADER = "$(TEST_HOST)";
				CODE_SIGN_STYLE = Automatic;
				CURRENT_PROJECT_VERSION = 1;
				GENERATE_INFOPLIST_FILE = YES;
				IPHONEOS_DEPLOYMENT_TARGET = 16.2;
				MARKETING_VERSION = 1.0;
				PRODUCT_BUNDLE_IDENTIFIER = "lindo.SecureUpdatingApp-Tests";
				PRODUCT_NAME = "$(TARGET_NAME)";
				SWIFT_EMIT_LOC_STRINGS = NO;
				SWIFT_VERSION = 5.0;
				TARGETED_DEVICE_FAMILY = "1,2";
				TEST_HOST = "$(BUILT_PRODUCTS_DIR)/SecureUpdatingApp..app/$(BUNDLE_EXECUTABLE_FOLDER_PATH)/SecureUpdatingApp.";
			};
			name = Debug;
		};
		C0B830EE2D91CC7500280350 /* Release */ = {
			isa = XCBuildConfiguration;
			buildSettings = {
				ALWAYS_EMBED_SWIFT_STANDARD_LIBRARIES = YES;
				BUNDLE_LOADER = "$(TEST_HOST)";
				CODE_SIGN_STYLE = Automatic;
				CURRENT_PROJECT_VERSION = 1;
				GENERATE_INFOPLIST_FILE = YES;
				IPHONEOS_DEPLOYMENT_TARGET = 16.2;
				MARKETING_VERSION = 1.0;
				PRODUCT_BUNDLE_IDENTIFIER = "lindo.SecureUpdatingApp-Tests";
				PRODUCT_NAME = "$(TARGET_NAME)";
				SWIFT_EMIT_LOC_STRINGS = NO;
				SWIFT_VERSION = 5.0;
				TARGETED_DEVICE_FAMILY = "1,2";
				TEST_HOST = "$(BUILT_PRODUCTS_DIR)/SecureUpdatingApp..app/$(BUNDLE_EXECUTABLE_FOLDER_PATH)/SecureUpdatingApp.";
			};
			name = Release;
		};
/* End XCBuildConfiguration section */

/* Begin XCConfigurationList section */
		C0B830BA2D91CC6F00280350 /* Build configuration list for PBXProject "SecureUpdatingApp." */ = {
			isa = XCConfigurationList;
			buildConfigurations = (
				C0B830E72D91CC7500280350 /* Debug */,
				C0B830E82D91CC7500280350 /* Release */,
			);
			defaultConfigurationIsVisible = 0;
			defaultConfigurationName = Release;
		};
		C0B830E92D91CC7500280350 /* Build configuration list for PBXNativeTarget "SecureUpdatingApp." */ = {
			isa = XCConfigurationList;
			buildConfigurations = (
				C0B830EA2D91CC7500280350 /* Debug */,
				C0B830EB2D91CC7500280350 /* Release */,
			);
			defaultConfigurationIsVisible = 0;
			defaultConfigurationName = Release;
		};
		C0B830EC2D91CC7500280350 /* Build configuration list for PBXNativeTarget "SecureUpdatingApp.Tests" */ = {
			isa = XCConfigurationList;
			buildConfigurations = (
				C0B830ED2D91CC7500280350 /* Debug */,
				C0B830EE2D91CC7500280350 /* Release */,
			);
			defaultConfigurationIsVisible = 0;
			defaultConfigurationName = Release;
		};
/* End XCConfigurationList section */

/* Begin XCRemoteSwiftPackageReference section */
		C049993B2DBA0EDD003820F6 /* XCRemoteSwiftPackageReference "Kingfisher" */ = {
			isa = XCRemoteSwiftPackageReference;
			repositoryURL = "https://github.com/onevcat/Kingfisher.git";
			requirement = {
				kind = upToNextMajorVersion;
				minimumVersion = 7.0.0;
			};
		};
/* End XCRemoteSwiftPackageReference section */

/* Begin XCSwiftPackageProductDependency section */
		C049993C2DBA0EDE003820F6 /* Kingfisher */ = {
			isa = XCSwiftPackageProductDependency;
			package = C049993B2DBA0EDD003820F6 /* XCRemoteSwiftPackageReference "Kingfisher" */;
			productName = Kingfisher;
		};
/* End XCSwiftPackageProductDependency section */
	};
	rootObject = C0B830B72D91CC6F00280350 /* Project object */;
}
